
Microsoft Visual Studio Solution File, Format Version 12.00
# Visual Studio Version 17
VisualStudioVersion = 17.1.32210.238
MinimumVisualStudioVersion = 10.0.40219.1
Project("{FAE04EC0-301F-11D3-BF4B-00C04F79EFBC}") = "BasicConsoleIO", "BasicConsoleIO\BasicConsoleIO.csproj", "{B1B89DDC-8E28-4D0B-93E7-266502ECA43D}"
EndProject
Global
	GlobalSection(SolutionConfigurationPlatforms) = preSolution
		Debug|Any CPU = Debug|Any CPU
		Release|Any CPU = Release|Any CPU
	EndGlobalSection
	GlobalSection(ProjectConfigurationPlatforms) = postSolution
		{B1B89DDC-8E28-4D0B-93E7-266502ECA43D}.Debug|Any CPU.ActiveCfg = Debug|Any CPU
		{B1B89DDC-8E28-4D0B-93E7-266502ECA43D}.Debug|Any CPU.Build.0 = Debug|Any CPU
		{B1B89DDC-8E28-4D0B-93E7-266502ECA43D}.Release|Any CPU.ActiveCfg = Release|Any CPU
		{B1B89DDC-8E28-4D0B-93E7-266502ECA43D}.Release|Any CPU.Build.0 = Release|Any CPU
	EndGlobalSection
	GlobalSection(SolutionProperties) = preSolution
		HideSolutionNode = FALSE
	EndGlobalSection
	GlobalSection(ExtensibilityGlobals) = postSolution
		SolutionGuid = {E8FA25B6-A562-45CC-AD2A-FB3182FD3C39}
	EndGlobalSection
EndGlobal
