
Microsoft Visual Studio Solution File, Format Version 12.00
# Visual Studio Version 17
VisualStudioVersion = 17.1.32210.238
MinimumVisualStudioVersion = 10.0.40219.1
Project("{FAE04EC0-301F-11D3-BF4B-00C04F79EFBC}") = "FunWithStructures", "FunWithStructures\FunWithStructures.csproj", "{4B551BB7-FB70-4CA1-969D-76F8E8F8D5BA}"
EndProject
Global
	GlobalSection(SolutionConfigurationPlatforms) = preSolution
		Debug|Any CPU = Debug|Any CPU
		Release|Any CPU = Release|Any CPU
	EndGlobalSection
	GlobalSection(ProjectConfigurationPlatforms) = postSolution
		{4B551BB7-FB70-4CA1-969D-76F8E8F8D5BA}.Debug|Any CPU.ActiveCfg = Debug|Any CPU
		{4B551BB7-FB70-4CA1-969D-76F8E8F8D5BA}.Debug|Any CPU.Build.0 = Debug|Any CPU
		{4B551BB7-FB70-4CA1-969D-76F8E8F8D5BA}.Release|Any CPU.ActiveCfg = Release|Any CPU
		{4B551BB7-FB70-4CA1-969D-76F8E8F8D5BA}.Release|Any CPU.Build.0 = Release|Any CPU
	EndGlobalSection
	GlobalSection(SolutionProperties) = preSolution
		HideSolutionNode = FALSE
	EndGlobalSection
	GlobalSection(ExtensibilityGlobals) = postSolution
		SolutionGuid = {8B55236B-88B6-4E5C-98A0-8CD6F163A5E0}
	EndGlobalSection
EndGlobal
