
Microsoft Visual Studio Solution File, Format Version 12.00
# Visual Studio Version 17
VisualStudioVersion = 17.1.32210.238
MinimumVisualStudioVersion = 10.0.40219.1
Project("{FAE04EC0-301F-11D3-BF4B-00C04F79EFBC}") = "MethodOverloading", "MethodOverloading\MethodOverloading.csproj", "{FD9DCDCF-816B-4551-A143-2177D35A3431}"
EndProject
Global
	GlobalSection(SolutionConfigurationPlatforms) = preSolution
		Debug|Any CPU = Debug|Any CPU
		Release|Any CPU = Release|Any CPU
	EndGlobalSection
	GlobalSection(ProjectConfigurationPlatforms) = postSolution
		{FD9DCDCF-816B-4551-A143-2177D35A3431}.Debug|Any CPU.ActiveCfg = Debug|Any CPU
		{FD9DCDCF-816B-4551-A143-2177D35A3431}.Debug|Any CPU.Build.0 = Debug|Any CPU
		{FD9DCDCF-816B-4551-A143-2177D35A3431}.Release|Any CPU.ActiveCfg = Release|Any CPU
		{FD9DCDCF-816B-4551-A143-2177D35A3431}.Release|Any CPU.Build.0 = Release|Any CPU
	EndGlobalSection
	GlobalSection(SolutionProperties) = preSolution
		HideSolutionNode = FALSE
	EndGlobalSection
	GlobalSection(ExtensibilityGlobals) = postSolution
		SolutionGuid = {5DBBF80B-E476-4ED6-AD01-EDB2B1FFF50B}
	EndGlobalSection
EndGlobal
